
Microsoft Visual Studio Solution File, Format Version 12.00
# Visual Studio 14
VisualStudioVersion = 14.0.24720.0
MinimumVisualStudioVersion = 10.0.40219.1
Project("{FAE04EC0-301F-11D3-BF4B-00C04F79EFBC}") = "IGOEnchi.BruGoClientLib", "IGOEnchi.BruGoClientLib\IGOEnchi.BruGoClientLib.csproj", "{F4CF9A6F-D9FB-4CCC-8934-43336CEFE1F3}"
EndProject
Project("{FAE04EC0-301F-11D3-BF4B-00C04F79EFBC}") = "IGOEnchi.GoGameLogic", "IGOEnchi.GoGameLib\IGOEnchi.GoGameLogic.csproj", "{CCE0648C-B6E9-48A8-9647-6202FAF8BC6D}"
EndProject
Project("{FAE04EC0-301F-11D3-BF4B-00C04F79EFBC}") = "IGOEnchi.GoGameSgf", "IGOEnchi.GoGameSgf\IGOEnchi.GoGameSgf.csproj", "{872B91C3-569E-44E8-86EA-3441BC6243A9}"
EndProject
Project("{FAE04EC0-301F-11D3-BF4B-00C04F79EFBC}") = "IGOEnchi.GoTextProtocolLib", "IGOEnchi.GoTextProtocolLib\IGOEnchi.GoTextProtocolLib.csproj", "{F3FF270C-BB01-40AF-BFEE-ED7041C106D2}"
EndProject
Project("{FAE04EC0-301F-11D3-BF4B-00C04F79EFBC}") = "IGOEnchi.IgsClientLib", "IGOEnchi.IgsClientLib\IGOEnchi.IgsClientLib.csproj", "{91B868B8-E9C2-4740-86E7-3827ED81636F}"
EndProject
Project("{FAE04EC0-301F-11D3-BF4B-00C04F79EFBC}") = "IGOEnchi.SmartGameLib", "IGOEnchi.SmartGameLib\IGOEnchi.SmartGameLib.csproj", "{B637CA39-A3C2-4B5E-ABED-F114E217B436}"
EndProject
Project("{FAE04EC0-301F-11D3-BF4B-00C04F79EFBC}") = "IGOEnchi.Ui.WinCE", "IGOEnchi.Ui.WinCE\IGOEnchi.Ui.WinCE.csproj", "{37E7F04B-50BB-448C-B404-EB409FF407FB}"
EndProject
Project("{2150E333-8FDC-42A3-9474-1A3956D46DE8}") = "connectors", "connectors", "{F0D19E85-C808-4B49-9EE2-390726301B77}"
EndProject
Project("{2150E333-8FDC-42A3-9474-1A3956D46DE8}") = "sgf", "sgf", "{B5E02AB5-5DFA-43BF-9182-B2B08EBE84DF}"
EndProject
Global
	GlobalSection(SolutionConfigurationPlatforms) = preSolution
		Debug|Any CPU = Debug|Any CPU
		Debug|x86 = Debug|x86
		Release|Any CPU = Release|Any CPU
		Release|x86 = Release|x86
	EndGlobalSection
	GlobalSection(ProjectConfigurationPlatforms) = postSolution
		{F4CF9A6F-D9FB-4CCC-8934-43336CEFE1F3}.Debug|Any CPU.ActiveCfg = Debug|Any CPU
		{F4CF9A6F-D9FB-4CCC-8934-43336CEFE1F3}.Debug|Any CPU.Build.0 = Debug|Any CPU
		{F4CF9A6F-D9FB-4CCC-8934-43336CEFE1F3}.Debug|x86.ActiveCfg = Debug|Any CPU
		{F4CF9A6F-D9FB-4CCC-8934-43336CEFE1F3}.Debug|x86.Build.0 = Debug|Any CPU
		{F4CF9A6F-D9FB-4CCC-8934-43336CEFE1F3}.Release|Any CPU.ActiveCfg = Release|Any CPU
		{F4CF9A6F-D9FB-4CCC-8934-43336CEFE1F3}.Release|Any CPU.Build.0 = Release|Any CPU
		{F4CF9A6F-D9FB-4CCC-8934-43336CEFE1F3}.Release|x86.ActiveCfg = Release|Any CPU
		{F4CF9A6F-D9FB-4CCC-8934-43336CEFE1F3}.Release|x86.Build.0 = Release|Any CPU
		{CCE0648C-B6E9-48A8-9647-6202FAF8BC6D}.Debug|Any CPU.ActiveCfg = Debug|Any CPU
		{CCE0648C-B6E9-48A8-9647-6202FAF8BC6D}.Debug|Any CPU.Build.0 = Debug|Any CPU
		{CCE0648C-B6E9-48A8-9647-6202FAF8BC6D}.Debug|x86.ActiveCfg = Debug|Any CPU
		{CCE0648C-B6E9-48A8-9647-6202FAF8BC6D}.Debug|x86.Build.0 = Debug|Any CPU
		{CCE0648C-B6E9-48A8-9647-6202FAF8BC6D}.Release|Any CPU.ActiveCfg = Release|Any CPU
		{CCE0648C-B6E9-48A8-9647-6202FAF8BC6D}.Release|Any CPU.Build.0 = Release|Any CPU
		{CCE0648C-B6E9-48A8-9647-6202FAF8BC6D}.Release|x86.ActiveCfg = Release|Any CPU
		{CCE0648C-B6E9-48A8-9647-6202FAF8BC6D}.Release|x86.Build.0 = Release|Any CPU
		{872B91C3-569E-44E8-86EA-3441BC6243A9}.Debug|Any CPU.ActiveCfg = Debug|Any CPU
		{872B91C3-569E-44E8-86EA-3441BC6243A9}.Debug|Any CPU.Build.0 = Debug|Any CPU
		{872B91C3-569E-44E8-86EA-3441BC6243A9}.Debug|x86.ActiveCfg = Debug|Any CPU
		{872B91C3-569E-44E8-86EA-3441BC6243A9}.Debug|x86.Build.0 = Debug|Any CPU
		{872B91C3-569E-44E8-86EA-3441BC6243A9}.Release|Any CPU.ActiveCfg = Release|Any CPU
		{872B91C3-569E-44E8-86EA-3441BC6243A9}.Release|Any CPU.Build.0 = Release|Any CPU
		{872B91C3-569E-44E8-86EA-3441BC6243A9}.Release|x86.ActiveCfg = Release|Any CPU
		{872B91C3-569E-44E8-86EA-3441BC6243A9}.Release|x86.Build.0 = Release|Any CPU
		{F3FF270C-BB01-40AF-BFEE-ED7041C106D2}.Debug|Any CPU.ActiveCfg = Debug|Any CPU
		{F3FF270C-BB01-40AF-BFEE-ED7041C106D2}.Debug|Any CPU.Build.0 = Debug|Any CPU
		{F3FF270C-BB01-40AF-BFEE-ED7041C106D2}.Debug|x86.ActiveCfg = Debug|Any CPU
		{F3FF270C-BB01-40AF-BFEE-ED7041C106D2}.Debug|x86.Build.0 = Debug|Any CPU
		{F3FF270C-BB01-40AF-BFEE-ED7041C106D2}.Release|Any CPU.ActiveCfg = Release|Any CPU
		{F3FF270C-BB01-40AF-BFEE-ED7041C106D2}.Release|Any CPU.Build.0 = Release|Any CPU
		{F3FF270C-BB01-40AF-BFEE-ED7041C106D2}.Release|x86.ActiveCfg = Release|Any CPU
		{F3FF270C-BB01-40AF-BFEE-ED7041C106D2}.Release|x86.Build.0 = Release|Any CPU
		{91B868B8-E9C2-4740-86E7-3827ED81636F}.Debug|Any CPU.ActiveCfg = Debug|Any CPU
		{91B868B8-E9C2-4740-86E7-3827ED81636F}.Debug|Any CPU.Build.0 = Debug|Any CPU
		{91B868B8-E9C2-4740-86E7-3827ED81636F}.Debug|x86.ActiveCfg = Debug|Any CPU
		{91B868B8-E9C2-4740-86E7-3827ED81636F}.Debug|x86.Build.0 = Debug|Any CPU
		{91B868B8-E9C2-4740-86E7-3827ED81636F}.Release|Any CPU.ActiveCfg = Release|Any CPU
		{91B868B8-E9C2-4740-86E7-3827ED81636F}.Release|Any CPU.Build.0 = Release|Any CPU
		{91B868B8-E9C2-4740-86E7-3827ED81636F}.Release|x86.ActiveCfg = Release|Any CPU
		{91B868B8-E9C2-4740-86E7-3827ED81636F}.Release|x86.Build.0 = Release|Any CPU
		{B637CA39-A3C2-4B5E-ABED-F114E217B436}.Debug|Any CPU.ActiveCfg = Debug|Any CPU
		{B637CA39-A3C2-4B5E-ABED-F114E217B436}.Debug|Any CPU.Build.0 = Debug|Any CPU
		{B637CA39-A3C2-4B5E-ABED-F114E217B436}.Debug|x86.ActiveCfg = Debug|Any CPU
		{B637CA39-A3C2-4B5E-ABED-F114E217B436}.Debug|x86.Build.0 = Debug|Any CPU
		{B637CA39-A3C2-4B5E-ABED-F114E217B436}.Release|Any CPU.ActiveCfg = Release|Any CPU
		{B637CA39-A3C2-4B5E-ABED-F114E217B436}.Release|Any CPU.Build.0 = Release|Any CPU
		{B637CA39-A3C2-4B5E-ABED-F114E217B436}.Release|x86.ActiveCfg = Release|Any CPU
		{B637CA39-A3C2-4B5E-ABED-F114E217B436}.Release|x86.Build.0 = Release|Any CPU
		{37E7F04B-50BB-448C-B404-EB409FF407FB}.Debug|Any CPU.ActiveCfg = Debug|x86
		{37E7F04B-50BB-448C-B404-EB409FF407FB}.Debug|x86.ActiveCfg = Debug|x86
		{37E7F04B-50BB-448C-B404-EB409FF407FB}.Debug|x86.Build.0 = Debug|x86
		{37E7F04B-50BB-448C-B404-EB409FF407FB}.Release|Any CPU.ActiveCfg = Release|x86
		{37E7F04B-50BB-448C-B404-EB409FF407FB}.Release|x86.ActiveCfg = Release|x86
		{37E7F04B-50BB-448C-B404-EB409FF407FB}.Release|x86.Build.0 = Release|x86
	EndGlobalSection
	GlobalSection(SolutionProperties) = preSolution
		HideSolutionNode = FALSE
	EndGlobalSection
	GlobalSection(NestedProjects) = preSolution
		{F4CF9A6F-D9FB-4CCC-8934-43336CEFE1F3} = {F0D19E85-C808-4B49-9EE2-390726301B77}
		{872B91C3-569E-44E8-86EA-3441BC6243A9} = {B5E02AB5-5DFA-43BF-9182-B2B08EBE84DF}
		{F3FF270C-BB01-40AF-BFEE-ED7041C106D2} = {F0D19E85-C808-4B49-9EE2-390726301B77}
		{91B868B8-E9C2-4740-86E7-3827ED81636F} = {F0D19E85-C808-4B49-9EE2-390726301B77}
		{B637CA39-A3C2-4B5E-ABED-F114E217B436} = {B5E02AB5-5DFA-43BF-9182-B2B08EBE84DF}
	EndGlobalSection
EndGlobal
